
Microsoft Visual Studio Solution File, Format Version 12.00
# Visual Studio Version 17
VisualStudioVersion = 17.5.33516.290
MinimumVisualStudioVersion = 10.0.40219.1
Project("{2150E333-8FDC-42A3-9474-1A3956D46DE8}") = "Data", "Data", "{80E9AB60-64BE-4FCC-9BF3-D3F73DB7998A}"
EndProject
Project("{9A19103F-16F7-4668-BE54-9A1E7A4F7556}") = "Artemis.Data.Core", "src\Data\Artemis.Data.Core\Artemis.Data.Core.csproj", "{900C8C39-EEC3-4F1B-9B12-871CB1AD6F36}"
EndProject
Project("{2150E333-8FDC-42A3-9474-1A3956D46DE8}") = "App", "App", "{F6FF38FF-F36A-419B-B60F-CF78F1BC5D42}"
EndProject
Project("{2150E333-8FDC-42A3-9474-1A3956D46DE8}") = "Extensions", "Extensions", "{E5C1D629-668C-42F2-81A2-4395D4F83BAE}"
EndProject
Project("{9A19103F-16F7-4668-BE54-9A1E7A4F7556}") = "Artemis.Extensions.Web.Serilog", "src\Extensions\Artemis.Extensions.Web.Serilog\Artemis.Extensions.Web.Serilog.csproj", "{4846A6C3-70AE-4619-86BE-D8CD16EB04F1}"
EndProject
Project("{2150E333-8FDC-42A3-9474-1A3956D46DE8}") = "Services", "Services", "{D5E44F9E-966F-4AE9-9F37-D2590AEF09F8}"
EndProject
Project("{9A19103F-16F7-4668-BE54-9A1E7A4F7556}") = "Artemis.Extensions.Web.Identity", "src\Extensions\Artemis.Extensions.Web.Identity\Artemis.Extensions.Web.Identity.csproj", "{102A869A-E4FD-4B6F-9901-C5D6B57F1AE7}"
EndProject
Project("{9A19103F-16F7-4668-BE54-9A1E7A4F7556}") = "Artemis.Data.Store", "src\Data\Artemis.Data.Store\Artemis.Data.Store.csproj", "{FF2FA4B1-CC42-4FE0-986D-C8AC2CF03559}"
EndProject
Project("{9A19103F-16F7-4668-BE54-9A1E7A4F7556}") = "Artemis.Data", "src\Data\Artemis.Data\Artemis.Data.csproj", "{DA21FB95-2FCF-45BF-B026-EBB96BFC859E}"
EndProject
Project("{9A19103F-16F7-4668-BE54-9A1E7A4F7556}") = "Artemis.Extensions.Rpc", "src\Extensions\Artemis.Extensions.Rpc\Artemis.Extensions.Rpc.csproj", "{D5D73164-779B-4AF9-A375-7EFB91DFD34B}"
EndProject
Project("{2150E333-8FDC-42A3-9474-1A3956D46DE8}") = "Tests", "Tests", "{959D15E0-7FAF-4833-BCA8-EF3BB9591A5F}"
EndProject
Project("{2150E333-8FDC-42A3-9474-1A3956D46DE8}") = "Protos", "Protos", "{8CD76079-99ED-4DF1-B35C-04DEB4148C6D}"
EndProject
Project("{9A19103F-16F7-4668-BE54-9A1E7A4F7556}") = "Artemis.Protos.Identity", "src\Protos\Artemis.Protos.Identity\Artemis.Protos.Identity.csproj", "{47D29546-EA6A-4F94-B9DA-C23ABE7C541D}"
EndProject
Project("{9A19103F-16F7-4668-BE54-9A1E7A4F7556}") = "Artemis.Protos.Common", "src\Protos\Artemis.Protos.Common\Artemis.Protos.Common.csproj", "{7185E403-A07F-4522-BC0B-2DA533B92DC8}"
EndProject
Project("{54A90642-561A-4BB1-A94E-469ADEE60C69}") = "Artemis.Protos.TypescriptLib", "src\Protos\Artemis.Protos.TypescriptLib\Artemis.Protos.TypescriptLib.esproj", "{32057C9F-F5AC-44A9-BDE7-A7513E44CEF4}"
EndProject
Project("{2150E333-8FDC-42A3-9474-1A3956D46DE8}") = "Core", "Core", "{5393A685-F83B-4A39-A323-3A6DB755AC4F}"
EndProject
Project("{9A19103F-16F7-4668-BE54-9A1E7A4F7556}") = "Artemis.Core.Com", "src\Core\Artemis.Core.Com\Artemis.Core.Com.csproj", "{8D563E83-8888-45C3-821F-2B9306F99250}"
EndProject
Project("{9A19103F-16F7-4668-BE54-9A1E7A4F7556}") = "Artemis.Extensions.Web.Validators", "src\Extensions\Artemis.Extensions.Web.Validators\Artemis.Extensions.Web.Validators.csproj", "{8815BF77-F579-4DE2-B0ED-DB33E31F9B8B}"
EndProject
Project("{9A19103F-16F7-4668-BE54-9A1E7A4F7556}") = "Artemis.Data.Tests", "tests\Artemis.Data.Tests\Artemis.Data.Tests.csproj", "{D352B417-17AF-4854-A7C3-0D5354621ABF}"
EndProject
Project("{2150E333-8FDC-42A3-9474-1A3956D46DE8}") = "Tools", "Tools", "{67A4FFA5-D10F-47D7-8B93-7A0B6DC22FBF}"
EndProject
Project("{9A19103F-16F7-4668-BE54-9A1E7A4F7556}") = "Artemis.Service.Identity", "src\Services\Artemis.Service.Identity\Artemis.Service.Identity.csproj", "{0EDF3C37-4B71-41A8-9544-8E1A2A3D4258}"
EndProject
Project("{FAE04EC0-301F-11D3-BF4B-00C04F79EFBC}") = "Artemis.Data.Shared", "src\Data\Artemis.Data.Shared\Artemis.Data.Shared.csproj", "{299E51D1-6186-4229-8D99-067CCC73A7FD}"
EndProject
Global
	GlobalSection(SolutionConfigurationPlatforms) = preSolution
		Debug|Any CPU = Debug|Any CPU
		Release|Any CPU = Release|Any CPU
	EndGlobalSection
	GlobalSection(ProjectConfigurationPlatforms) = postSolution
		{900C8C39-EEC3-4F1B-9B12-871CB1AD6F36}.Debug|Any CPU.ActiveCfg = Debug|Any CPU
		{900C8C39-EEC3-4F1B-9B12-871CB1AD6F36}.Debug|Any CPU.Build.0 = Debug|Any CPU
		{900C8C39-EEC3-4F1B-9B12-871CB1AD6F36}.Release|Any CPU.ActiveCfg = Release|Any CPU
		{900C8C39-EEC3-4F1B-9B12-871CB1AD6F36}.Release|Any CPU.Build.0 = Release|Any CPU
		{4846A6C3-70AE-4619-86BE-D8CD16EB04F1}.Debug|Any CPU.ActiveCfg = Debug|Any CPU
		{4846A6C3-70AE-4619-86BE-D8CD16EB04F1}.Debug|Any CPU.Build.0 = Debug|Any CPU
		{4846A6C3-70AE-4619-86BE-D8CD16EB04F1}.Release|Any CPU.ActiveCfg = Release|Any CPU
		{4846A6C3-70AE-4619-86BE-D8CD16EB04F1}.Release|Any CPU.Build.0 = Release|Any CPU
		{102A869A-E4FD-4B6F-9901-C5D6B57F1AE7}.Debug|Any CPU.ActiveCfg = Debug|Any CPU
		{102A869A-E4FD-4B6F-9901-C5D6B57F1AE7}.Debug|Any CPU.Build.0 = Debug|Any CPU
		{102A869A-E4FD-4B6F-9901-C5D6B57F1AE7}.Release|Any CPU.ActiveCfg = Release|Any CPU
		{102A869A-E4FD-4B6F-9901-C5D6B57F1AE7}.Release|Any CPU.Build.0 = Release|Any CPU
		{FF2FA4B1-CC42-4FE0-986D-C8AC2CF03559}.Debug|Any CPU.ActiveCfg = Debug|Any CPU
		{FF2FA4B1-CC42-4FE0-986D-C8AC2CF03559}.Debug|Any CPU.Build.0 = Debug|Any CPU
		{FF2FA4B1-CC42-4FE0-986D-C8AC2CF03559}.Release|Any CPU.ActiveCfg = Release|Any CPU
		{FF2FA4B1-CC42-4FE0-986D-C8AC2CF03559}.Release|Any CPU.Build.0 = Release|Any CPU
		{DA21FB95-2FCF-45BF-B026-EBB96BFC859E}.Debug|Any CPU.ActiveCfg = Debug|Any CPU
		{DA21FB95-2FCF-45BF-B026-EBB96BFC859E}.Debug|Any CPU.Build.0 = Debug|Any CPU
		{DA21FB95-2FCF-45BF-B026-EBB96BFC859E}.Release|Any CPU.ActiveCfg = Release|Any CPU
		{DA21FB95-2FCF-45BF-B026-EBB96BFC859E}.Release|Any CPU.Build.0 = Release|Any CPU
		{D5D73164-779B-4AF9-A375-7EFB91DFD34B}.Debug|Any CPU.ActiveCfg = Debug|Any CPU
		{D5D73164-779B-4AF9-A375-7EFB91DFD34B}.Debug|Any CPU.Build.0 = Debug|Any CPU
		{D5D73164-779B-4AF9-A375-7EFB91DFD34B}.Release|Any CPU.ActiveCfg = Release|Any CPU
		{D5D73164-779B-4AF9-A375-7EFB91DFD34B}.Release|Any CPU.Build.0 = Release|Any CPU
		{47D29546-EA6A-4F94-B9DA-C23ABE7C541D}.Debug|Any CPU.ActiveCfg = Debug|Any CPU
		{47D29546-EA6A-4F94-B9DA-C23ABE7C541D}.Debug|Any CPU.Build.0 = Debug|Any CPU
		{47D29546-EA6A-4F94-B9DA-C23ABE7C541D}.Release|Any CPU.ActiveCfg = Release|Any CPU
		{47D29546-EA6A-4F94-B9DA-C23ABE7C541D}.Release|Any CPU.Build.0 = Release|Any CPU
		{7185E403-A07F-4522-BC0B-2DA533B92DC8}.Debug|Any CPU.ActiveCfg = Debug|Any CPU
		{7185E403-A07F-4522-BC0B-2DA533B92DC8}.Debug|Any CPU.Build.0 = Debug|Any CPU
		{7185E403-A07F-4522-BC0B-2DA533B92DC8}.Release|Any CPU.ActiveCfg = Release|Any CPU
		{7185E403-A07F-4522-BC0B-2DA533B92DC8}.Release|Any CPU.Build.0 = Release|Any CPU
		{32057C9F-F5AC-44A9-BDE7-A7513E44CEF4}.Debug|Any CPU.ActiveCfg = Debug|Any CPU
		{32057C9F-F5AC-44A9-BDE7-A7513E44CEF4}.Debug|Any CPU.Build.0 = Debug|Any CPU
		{32057C9F-F5AC-44A9-BDE7-A7513E44CEF4}.Debug|Any CPU.Deploy.0 = Debug|Any CPU
		{32057C9F-F5AC-44A9-BDE7-A7513E44CEF4}.Release|Any CPU.ActiveCfg = Release|Any CPU
		{32057C9F-F5AC-44A9-BDE7-A7513E44CEF4}.Release|Any CPU.Build.0 = Release|Any CPU
		{32057C9F-F5AC-44A9-BDE7-A7513E44CEF4}.Release|Any CPU.Deploy.0 = Release|Any CPU
		{8D563E83-8888-45C3-821F-2B9306F99250}.Debug|Any CPU.ActiveCfg = Debug|Any CPU
		{8D563E83-8888-45C3-821F-2B9306F99250}.Debug|Any CPU.Build.0 = Debug|Any CPU
		{8D563E83-8888-45C3-821F-2B9306F99250}.Release|Any CPU.ActiveCfg = Release|Any CPU
		{8D563E83-8888-45C3-821F-2B9306F99250}.Release|Any CPU.Build.0 = Release|Any CPU
		{8815BF77-F579-4DE2-B0ED-DB33E31F9B8B}.Debug|Any CPU.ActiveCfg = Debug|Any CPU
		{8815BF77-F579-4DE2-B0ED-DB33E31F9B8B}.Debug|Any CPU.Build.0 = Debug|Any CPU
		{8815BF77-F579-4DE2-B0ED-DB33E31F9B8B}.Release|Any CPU.ActiveCfg = Release|Any CPU
		{8815BF77-F579-4DE2-B0ED-DB33E31F9B8B}.Release|Any CPU.Build.0 = Release|Any CPU
		{D352B417-17AF-4854-A7C3-0D5354621ABF}.Debug|Any CPU.ActiveCfg = Debug|Any CPU
		{D352B417-17AF-4854-A7C3-0D5354621ABF}.Debug|Any CPU.Build.0 = Debug|Any CPU
		{D352B417-17AF-4854-A7C3-0D5354621ABF}.Release|Any CPU.ActiveCfg = Release|Any CPU
		{D352B417-17AF-4854-A7C3-0D5354621ABF}.Release|Any CPU.Build.0 = Release|Any CPU
		{0EDF3C37-4B71-41A8-9544-8E1A2A3D4258}.Debug|Any CPU.ActiveCfg = Debug|Any CPU
		{0EDF3C37-4B71-41A8-9544-8E1A2A3D4258}.Debug|Any CPU.Build.0 = Debug|Any CPU
		{0EDF3C37-4B71-41A8-9544-8E1A2A3D4258}.Release|Any CPU.ActiveCfg = Release|Any CPU
		{0EDF3C37-4B71-41A8-9544-8E1A2A3D4258}.Release|Any CPU.Build.0 = Release|Any CPU
		{299E51D1-6186-4229-8D99-067CCC73A7FD}.Debug|Any CPU.ActiveCfg = Debug|Any CPU
		{299E51D1-6186-4229-8D99-067CCC73A7FD}.Debug|Any CPU.Build.0 = Debug|Any CPU
		{299E51D1-6186-4229-8D99-067CCC73A7FD}.Release|Any CPU.ActiveCfg = Release|Any CPU
		{299E51D1-6186-4229-8D99-067CCC73A7FD}.Release|Any CPU.Build.0 = Release|Any CPU
	EndGlobalSection
	GlobalSection(SolutionProperties) = preSolution
		HideSolutionNode = FALSE
	EndGlobalSection
	GlobalSection(NestedProjects) = preSolution
		{900C8C39-EEC3-4F1B-9B12-871CB1AD6F36} = {80E9AB60-64BE-4FCC-9BF3-D3F73DB7998A}
		{4846A6C3-70AE-4619-86BE-D8CD16EB04F1} = {E5C1D629-668C-42F2-81A2-4395D4F83BAE}
		{102A869A-E4FD-4B6F-9901-C5D6B57F1AE7} = {E5C1D629-668C-42F2-81A2-4395D4F83BAE}
		{FF2FA4B1-CC42-4FE0-986D-C8AC2CF03559} = {80E9AB60-64BE-4FCC-9BF3-D3F73DB7998A}
		{DA21FB95-2FCF-45BF-B026-EBB96BFC859E} = {80E9AB60-64BE-4FCC-9BF3-D3F73DB7998A}
		{D5D73164-779B-4AF9-A375-7EFB91DFD34B} = {E5C1D629-668C-42F2-81A2-4395D4F83BAE}
		{47D29546-EA6A-4F94-B9DA-C23ABE7C541D} = {8CD76079-99ED-4DF1-B35C-04DEB4148C6D}
		{7185E403-A07F-4522-BC0B-2DA533B92DC8} = {8CD76079-99ED-4DF1-B35C-04DEB4148C6D}
		{32057C9F-F5AC-44A9-BDE7-A7513E44CEF4} = {8CD76079-99ED-4DF1-B35C-04DEB4148C6D}
		{8D563E83-8888-45C3-821F-2B9306F99250} = {5393A685-F83B-4A39-A323-3A6DB755AC4F}
		{8815BF77-F579-4DE2-B0ED-DB33E31F9B8B} = {E5C1D629-668C-42F2-81A2-4395D4F83BAE}
		{D352B417-17AF-4854-A7C3-0D5354621ABF} = {959D15E0-7FAF-4833-BCA8-EF3BB9591A5F}
		{0EDF3C37-4B71-41A8-9544-8E1A2A3D4258} = {D5E44F9E-966F-4AE9-9F37-D2590AEF09F8}
		{299E51D1-6186-4229-8D99-067CCC73A7FD} = {80E9AB60-64BE-4FCC-9BF3-D3F73DB7998A}
	EndGlobalSection
	GlobalSection(ExtensibilityGlobals) = postSolution
		SolutionGuid = {27DFC0B9-DA17-4B79-84FD-646092D92FF4}
	EndGlobalSection
EndGlobal
