
Microsoft Visual Studio Solution File, Format Version 12.00
# Visual Studio Version 17
VisualStudioVersion = 17.5.33516.290
MinimumVisualStudioVersion = 10.0.40219.1
Project("{2150E333-8FDC-42A3-9474-1A3956D46DE8}") = "Data", "Data", "{80E9AB60-64BE-4FCC-9BF3-D3F73DB7998A}"
EndProject
Project("{9A19103F-16F7-4668-BE54-9A1E7A4F7556}") = "Artemis.Data.Core", "src\Data\Artemis.Data.Core\Artemis.Data.Core.csproj", "{900C8C39-EEC3-4F1B-9B12-871CB1AD6F36}"
EndProject
Project("{2150E333-8FDC-42A3-9474-1A3956D46DE8}") = "App", "App", "{F6FF38FF-F36A-419B-B60F-CF78F1BC5D42}"
EndProject
Project("{2150E333-8FDC-42A3-9474-1A3956D46DE8}") = "Extensions", "Extensions", "{E5C1D629-668C-42F2-81A2-4395D4F83BAE}"
EndProject
Project("{2150E333-8FDC-42A3-9474-1A3956D46DE8}") = "Services", "Services", "{D5E44F9E-966F-4AE9-9F37-D2590AEF09F8}"
EndProject
Project("{9A19103F-16F7-4668-BE54-9A1E7A4F7556}") = "Artemis.Data.Store", "src\Data\Artemis.Data.Store\Artemis.Data.Store.csproj", "{FF2FA4B1-CC42-4FE0-986D-C8AC2CF03559}"
EndProject
Project("{9A19103F-16F7-4668-BE54-9A1E7A4F7556}") = "Artemis.Data", "src\Data\Artemis.Data\Artemis.Data.csproj", "{DA21FB95-2FCF-45BF-B026-EBB96BFC859E}"
EndProject
Project("{2150E333-8FDC-42A3-9474-1A3956D46DE8}") = "Tests", "Tests", "{959D15E0-7FAF-4833-BCA8-EF3BB9591A5F}"
EndProject
Project("{9A19103F-16F7-4668-BE54-9A1E7A4F7556}") = "Artemis.Data.Tests", "tests\Artemis.Data.Tests\Artemis.Data.Tests.csproj", "{D352B417-17AF-4854-A7C3-0D5354621ABF}"
EndProject
Project("{9A19103F-16F7-4668-BE54-9A1E7A4F7556}") = "Artemis.Service.Identity", "src\Services\Artemis.Service.Identity\Artemis.Service.Identity.csproj", "{0EDF3C37-4B71-41A8-9544-8E1A2A3D4258}"
EndProject
Project("{9A19103F-16F7-4668-BE54-9A1E7A4F7556}") = "Artemis.Data.Shared", "src\Data\Artemis.Data.Shared\Artemis.Data.Shared.csproj", "{299E51D1-6186-4229-8D99-067CCC73A7FD}"
EndProject
Project("{9A19103F-16F7-4668-BE54-9A1E7A4F7556}") = "Artemis.App.Identity", "src\App\Artemis.App.Identity\Artemis.App.Identity.csproj", "{ED3B6011-812E-44A4-9203-D80FA5561FD1}"
EndProject
Project("{9A19103F-16F7-4668-BE54-9A1E7A4F7556}") = "Artemis.Extensions.ServiceConnect", "src\Extensions\Artemis.Extensions.ServiceConnect\Artemis.Extensions.ServiceConnect.csproj", "{FA63A772-5550-407E-BADC-5FC8431645F3}"
EndProject
Project("{9A19103F-16F7-4668-BE54-9A1E7A4F7556}") = "Artemis.App.Host.AppHost", "src\App\Artemis.App.Host.AppHost\Artemis.App.Host.AppHost.csproj", "{9D41123A-13F8-43EB-9745-AF4A71508803}"
EndProject
Project("{9A19103F-16F7-4668-BE54-9A1E7A4F7556}") = "Artemis.Service.Protos", "src\Services\Artemis.Service.Protos\Artemis.Service.Protos.csproj", "{DC984B43-BAE2-4764-988A-FE5219405A6A}"
EndProject
Project("{9A19103F-16F7-4668-BE54-9A1E7A4F7556}") = "Artemis.Service.School", "src\Services\Artemis.Service.School\Artemis.Service.School.csproj", "{3BAF25AE-7910-441C-B251-26BDABDC70AF}"
EndProject
Project("{FAE04EC0-301F-11D3-BF4B-00C04F79EFBC}") = "Artemis.App.School", "src\App\Artemis.App.School\Artemis.App.School.csproj", "{A3BE5214-00DE-4095-8C07-1926528BFEEB}"
EndProject
Global
	GlobalSection(SolutionConfigurationPlatforms) = preSolution
		Debug|Any CPU = Debug|Any CPU
		Release|Any CPU = Release|Any CPU
	EndGlobalSection
	GlobalSection(ProjectConfigurationPlatforms) = postSolution
		{900C8C39-EEC3-4F1B-9B12-871CB1AD6F36}.Debug|Any CPU.ActiveCfg = Debug|Any CPU
		{900C8C39-EEC3-4F1B-9B12-871CB1AD6F36}.Debug|Any CPU.Build.0 = Debug|Any CPU
		{900C8C39-EEC3-4F1B-9B12-871CB1AD6F36}.Release|Any CPU.ActiveCfg = Release|Any CPU
		{900C8C39-EEC3-4F1B-9B12-871CB1AD6F36}.Release|Any CPU.Build.0 = Release|Any CPU
		{FF2FA4B1-CC42-4FE0-986D-C8AC2CF03559}.Debug|Any CPU.ActiveCfg = Debug|Any CPU
		{FF2FA4B1-CC42-4FE0-986D-C8AC2CF03559}.Debug|Any CPU.Build.0 = Debug|Any CPU
		{FF2FA4B1-CC42-4FE0-986D-C8AC2CF03559}.Release|Any CPU.ActiveCfg = Release|Any CPU
		{FF2FA4B1-CC42-4FE0-986D-C8AC2CF03559}.Release|Any CPU.Build.0 = Release|Any CPU
		{DA21FB95-2FCF-45BF-B026-EBB96BFC859E}.Debug|Any CPU.ActiveCfg = Debug|Any CPU
		{DA21FB95-2FCF-45BF-B026-EBB96BFC859E}.Debug|Any CPU.Build.0 = Debug|Any CPU
		{DA21FB95-2FCF-45BF-B026-EBB96BFC859E}.Release|Any CPU.ActiveCfg = Release|Any CPU
		{DA21FB95-2FCF-45BF-B026-EBB96BFC859E}.Release|Any CPU.Build.0 = Release|Any CPU
		{D352B417-17AF-4854-A7C3-0D5354621ABF}.Debug|Any CPU.ActiveCfg = Debug|Any CPU
		{D352B417-17AF-4854-A7C3-0D5354621ABF}.Debug|Any CPU.Build.0 = Debug|Any CPU
		{D352B417-17AF-4854-A7C3-0D5354621ABF}.Release|Any CPU.ActiveCfg = Release|Any CPU
		{D352B417-17AF-4854-A7C3-0D5354621ABF}.Release|Any CPU.Build.0 = Release|Any CPU
		{0EDF3C37-4B71-41A8-9544-8E1A2A3D4258}.Debug|Any CPU.ActiveCfg = Debug|Any CPU
		{0EDF3C37-4B71-41A8-9544-8E1A2A3D4258}.Debug|Any CPU.Build.0 = Debug|Any CPU
		{0EDF3C37-4B71-41A8-9544-8E1A2A3D4258}.Release|Any CPU.ActiveCfg = Release|Any CPU
		{0EDF3C37-4B71-41A8-9544-8E1A2A3D4258}.Release|Any CPU.Build.0 = Release|Any CPU
		{299E51D1-6186-4229-8D99-067CCC73A7FD}.Debug|Any CPU.ActiveCfg = Debug|Any CPU
		{299E51D1-6186-4229-8D99-067CCC73A7FD}.Debug|Any CPU.Build.0 = Debug|Any CPU
		{299E51D1-6186-4229-8D99-067CCC73A7FD}.Release|Any CPU.ActiveCfg = Release|Any CPU
		{299E51D1-6186-4229-8D99-067CCC73A7FD}.Release|Any CPU.Build.0 = Release|Any CPU
		{ED3B6011-812E-44A4-9203-D80FA5561FD1}.Debug|Any CPU.ActiveCfg = Debug|Any CPU
		{ED3B6011-812E-44A4-9203-D80FA5561FD1}.Debug|Any CPU.Build.0 = Debug|Any CPU
		{ED3B6011-812E-44A4-9203-D80FA5561FD1}.Release|Any CPU.ActiveCfg = Release|Any CPU
		{ED3B6011-812E-44A4-9203-D80FA5561FD1}.Release|Any CPU.Build.0 = Release|Any CPU
		{FA63A772-5550-407E-BADC-5FC8431645F3}.Debug|Any CPU.ActiveCfg = Debug|Any CPU
		{FA63A772-5550-407E-BADC-5FC8431645F3}.Debug|Any CPU.Build.0 = Debug|Any CPU
		{FA63A772-5550-407E-BADC-5FC8431645F3}.Release|Any CPU.ActiveCfg = Release|Any CPU
		{FA63A772-5550-407E-BADC-5FC8431645F3}.Release|Any CPU.Build.0 = Release|Any CPU
		{9D41123A-13F8-43EB-9745-AF4A71508803}.Debug|Any CPU.ActiveCfg = Debug|Any CPU
		{9D41123A-13F8-43EB-9745-AF4A71508803}.Debug|Any CPU.Build.0 = Debug|Any CPU
		{9D41123A-13F8-43EB-9745-AF4A71508803}.Release|Any CPU.ActiveCfg = Release|Any CPU
		{9D41123A-13F8-43EB-9745-AF4A71508803}.Release|Any CPU.Build.0 = Release|Any CPU
		{DC984B43-BAE2-4764-988A-FE5219405A6A}.Debug|Any CPU.ActiveCfg = Debug|Any CPU
		{DC984B43-BAE2-4764-988A-FE5219405A6A}.Debug|Any CPU.Build.0 = Debug|Any CPU
		{DC984B43-BAE2-4764-988A-FE5219405A6A}.Release|Any CPU.ActiveCfg = Release|Any CPU
		{DC984B43-BAE2-4764-988A-FE5219405A6A}.Release|Any CPU.Build.0 = Release|Any CPU
		{3BAF25AE-7910-441C-B251-26BDABDC70AF}.Debug|Any CPU.ActiveCfg = Debug|Any CPU
		{3BAF25AE-7910-441C-B251-26BDABDC70AF}.Debug|Any CPU.Build.0 = Debug|Any CPU
		{3BAF25AE-7910-441C-B251-26BDABDC70AF}.Release|Any CPU.ActiveCfg = Release|Any CPU
		{3BAF25AE-7910-441C-B251-26BDABDC70AF}.Release|Any CPU.Build.0 = Release|Any CPU
		{A3BE5214-00DE-4095-8C07-1926528BFEEB}.Debug|Any CPU.ActiveCfg = Debug|Any CPU
		{A3BE5214-00DE-4095-8C07-1926528BFEEB}.Debug|Any CPU.Build.0 = Debug|Any CPU
		{A3BE5214-00DE-4095-8C07-1926528BFEEB}.Release|Any CPU.ActiveCfg = Release|Any CPU
		{A3BE5214-00DE-4095-8C07-1926528BFEEB}.Release|Any CPU.Build.0 = Release|Any CPU
	EndGlobalSection
	GlobalSection(SolutionProperties) = preSolution
		HideSolutionNode = FALSE
	EndGlobalSection
	GlobalSection(NestedProjects) = preSolution
		{900C8C39-EEC3-4F1B-9B12-871CB1AD6F36} = {80E9AB60-64BE-4FCC-9BF3-D3F73DB7998A}
		{FF2FA4B1-CC42-4FE0-986D-C8AC2CF03559} = {80E9AB60-64BE-4FCC-9BF3-D3F73DB7998A}
		{DA21FB95-2FCF-45BF-B026-EBB96BFC859E} = {80E9AB60-64BE-4FCC-9BF3-D3F73DB7998A}
		{D352B417-17AF-4854-A7C3-0D5354621ABF} = {959D15E0-7FAF-4833-BCA8-EF3BB9591A5F}
		{0EDF3C37-4B71-41A8-9544-8E1A2A3D4258} = {D5E44F9E-966F-4AE9-9F37-D2590AEF09F8}
		{299E51D1-6186-4229-8D99-067CCC73A7FD} = {80E9AB60-64BE-4FCC-9BF3-D3F73DB7998A}
		{ED3B6011-812E-44A4-9203-D80FA5561FD1} = {F6FF38FF-F36A-419B-B60F-CF78F1BC5D42}
		{FA63A772-5550-407E-BADC-5FC8431645F3} = {E5C1D629-668C-42F2-81A2-4395D4F83BAE}
		{9D41123A-13F8-43EB-9745-AF4A71508803} = {F6FF38FF-F36A-419B-B60F-CF78F1BC5D42}
		{DC984B43-BAE2-4764-988A-FE5219405A6A} = {D5E44F9E-966F-4AE9-9F37-D2590AEF09F8}
		{3BAF25AE-7910-441C-B251-26BDABDC70AF} = {D5E44F9E-966F-4AE9-9F37-D2590AEF09F8}
		{A3BE5214-00DE-4095-8C07-1926528BFEEB} = {F6FF38FF-F36A-419B-B60F-CF78F1BC5D42}
	EndGlobalSection
	GlobalSection(ExtensibilityGlobals) = postSolution
		SolutionGuid = {27DFC0B9-DA17-4B79-84FD-646092D92FF4}
	EndGlobalSection
EndGlobal
